{
  "version": "4",
  "specifiers": {
    "jsr:@std/assert@*": "1.0.12",
    "jsr:@std/assert@1": "1.0.12",
    "jsr:@std/assert@^1.0.12": "1.0.12",
    "jsr:@std/async@^1.0.12": "1.0.12",
    "jsr:@std/data-structures@^1.0.6": "1.0.6",
    "jsr:@std/fs@^1.0.15": "1.0.15",
    "jsr:@std/internal@^1.0.6": "1.0.6",
    "jsr:@std/path@^1.0.8": "1.0.8",
    "jsr:@std/testing@*": "1.0.10",
    "jsr:@std/testing@^1.0.10": "1.0.10",
    "npm:@testing-library/react@^16.2.0": "16.2.0_@testing-library+dom@10.4.0_@types+react@19.0.12_react@19.0.0_react-dom@19.0.0__react@19.0.0",
    "npm:@types/node@*": "22.12.0",
    "npm:@types/node@^22.13.13": "22.13.13",
    "npm:@types/react@^19.0.12": "19.0.12",
    "npm:global-jsdom@*": "26.0.0_jsdom@26.0.0",
    "npm:global-jsdom@26": "26.0.0_jsdom@26.0.0",
    "npm:react-dom@19": "19.0.0_react@19.0.0",
    "npm:react@*": "19.0.0",
    "npm:react@19": "19.0.0",
    "npm:typescript@^5.8.2": "5.8.2"
  },
  "jsr": {
    "@std/assert@1.0.12": {
      "integrity": "08009f0926dda9cbd8bef3a35d3b6a4b964b0ab5c3e140a4e0351fbf34af5b9a",
      "dependencies": [
        "jsr:@std/internal"
      ]
    },
    "@std/async@1.0.12": {
      "integrity": "d1bfcec459e8012846fe4e38dfc4241ab23240ecda3d8d6dfcf6d81a632e803d"
    },
    "@std/data-structures@1.0.6": {
      "integrity": "76a7fd8080c66604c0496220a791860492ab21a04a63a969c0b9a0609bbbb760"
    },
    "@std/fs@1.0.15": {
      "integrity": "c083fb479889d6440d768e498195c3fc499d426fbf9a6592f98f53884d1d3f41",
      "dependencies": [
        "jsr:@std/path"
      ]
    },
    "@std/internal@1.0.6": {
      "integrity": "9533b128f230f73bd209408bb07a4b12f8d4255ab2a4d22a1fd6d87304aca9a4"
    },
    "@std/path@1.0.8": {
      "integrity": "548fa456bb6a04d3c1a1e7477986b6cffbce95102d0bb447c67c4ee70e0364be"
    },
    "@std/testing@1.0.10": {
      "integrity": "8997bd0b0df020b81bf5eae103c66622918adeff7e45e96291c92a29dbf82cc1",
      "dependencies": [
        "jsr:@std/assert@^1.0.12",
        "jsr:@std/async",
        "jsr:@std/data-structures",
        "jsr:@std/fs",
        "jsr:@std/internal",
        "jsr:@std/path"
      ]
    }
  },
  "npm": {
    "@asamuzakjp/css-color@3.1.1_@csstools+css-parser-algorithms@3.0.4__@csstools+css-tokenizer@3.0.3_@csstools+css-tokenizer@3.0.3": {
      "integrity": "sha512-hpRD68SV2OMcZCsrbdkccTw5FXjNDLo5OuqSHyHZfwweGsDWZwDJ2+gONyNAbazZclobMirACLw0lk8WVxIqxA==",
      "dependencies": [
        "@csstools/css-calc",
        "@csstools/css-color-parser",
        "@csstools/css-parser-algorithms",
        "@csstools/css-tokenizer",
        "lru-cache"
      ]
    },
    "@babel/code-frame@7.26.2": {
      "integrity": "sha512-RJlIHRueQgwWitWgF8OdFYGZX328Ax5BCemNGlqHfplnRT9ESi8JkFlvaVYbS+UubVY6dpv87Fs2u5M29iNFVQ==",
      "dependencies": [
        "@babel/helper-validator-identifier",
        "js-tokens",
        "picocolors"
      ]
    },
    "@babel/helper-validator-identifier@7.25.9": {
      "integrity": "sha512-Ed61U6XJc3CVRfkERJWDz4dJwKe7iLmmJsbOGu9wSloNSFttHV0I8g6UAgb7qnK5ly5bGLPd4oXZlxCdANBOWQ=="
    },
    "@babel/runtime@7.26.9": {
      "integrity": "sha512-aA63XwOkcl4xxQa3HjPMqOP6LiK0ZDv3mUPYEFXkpHbaFjtGggE1A61FjFzJnB+p7/oy2gA8E+rcBNl/zC1tMg==",
      "dependencies": [
        "regenerator-runtime"
      ]
    },
    "@csstools/color-helpers@5.0.2": {
      "integrity": "sha512-JqWH1vsgdGcw2RR6VliXXdA0/59LttzlU8UlRT/iUUsEeWfYq8I+K0yhihEUTTHLRm1EXvpsCx3083EU15ecsA=="
    },
    "@csstools/css-calc@2.1.2_@csstools+css-parser-algorithms@3.0.4__@csstools+css-tokenizer@3.0.3_@csstools+css-tokenizer@3.0.3": {
      "integrity": "sha512-TklMyb3uBB28b5uQdxjReG4L80NxAqgrECqLZFQbyLekwwlcDDS8r3f07DKqeo8C4926Br0gf/ZDe17Zv4wIuw==",
      "dependencies": [
        "@csstools/css-parser-algorithms",
        "@csstools/css-tokenizer"
      ]
    },
    "@csstools/css-color-parser@3.0.8_@csstools+css-parser-algorithms@3.0.4__@csstools+css-tokenizer@3.0.3_@csstools+css-tokenizer@3.0.3": {
      "integrity": "sha512-pdwotQjCCnRPuNi06jFuP68cykU1f3ZWExLe/8MQ1LOs8Xq+fTkYgd+2V8mWUWMrOn9iS2HftPVaMZDaXzGbhQ==",
      "dependencies": [
        "@csstools/color-helpers",
        "@csstools/css-calc",
        "@csstools/css-parser-algorithms",
        "@csstools/css-tokenizer"
      ]
    },
    "@csstools/css-parser-algorithms@3.0.4_@csstools+css-tokenizer@3.0.3": {
      "integrity": "sha512-Up7rBoV77rv29d3uKHUIVubz1BTcgyUK72IvCQAbfbMv584xHcGKCKbWh7i8hPrRJ7qU4Y8IO3IY9m+iTB7P3A==",
      "dependencies": [
        "@csstools/css-tokenizer"
      ]
    },
    "@csstools/css-tokenizer@3.0.3": {
      "integrity": "sha512-UJnjoFsmxfKUdNYdWgOB0mWUypuLvAfQPH1+pyvRJs6euowbFkFC6P13w1l8mJyi3vxYMxc9kld5jZEGRQs6bw=="
    },
    "@testing-library/dom@10.4.0": {
      "integrity": "sha512-pemlzrSESWbdAloYml3bAJMEfNh1Z7EduzqPKprCH5S341frlpYnUEW0H72dLxa6IsYr+mPno20GiSm+h9dEdQ==",
      "dependencies": [
        "@babel/code-frame",
        "@babel/runtime",
        "@types/aria-query",
        "aria-query",
        "chalk",
        "dom-accessibility-api",
        "lz-string",
        "pretty-format"
      ]
    },
    "@testing-library/react@16.2.0_@testing-library+dom@10.4.0_@types+react@19.0.12_react@19.0.0_react-dom@19.0.0__react@19.0.0": {
      "integrity": "sha512-2cSskAvA1QNtKc8Y9VJQRv0tm3hLVgxRGDB+KYhIaPQJ1I+RHbhIXcM+zClKXzMes/wshsMVzf4B9vS4IZpqDQ==",
      "dependencies": [
        "@babel/runtime",
        "@testing-library/dom",
        "@types/react",
        "react",
        "react-dom"
      ]
    },
    "@types/aria-query@5.0.4": {
      "integrity": "sha512-rfT93uj5s0PRL7EzccGMs3brplhcrghnDoV26NqKhCAS1hVo+WdNsPvE/yb6ilfr5hi2MEk6d5EWJTKdxg8jVw=="
    },
    "@types/node@22.12.0": {
      "integrity": "sha512-Fll2FZ1riMjNmlmJOdAyY5pUbkftXslB5DgEzlIuNaiWhXd00FhWxVC/r4yV/4wBb9JfImTu+jiSvXTkJ7F/gA==",
      "dependencies": [
        "undici-types"
      ]
    },
    "@types/node@22.13.13": {
      "integrity": "sha512-ClsL5nMwKaBRwPcCvH8E7+nU4GxHVx1axNvMZTFHMEfNI7oahimt26P5zjVCRrjiIWj6YFXfE1v3dEp94wLcGQ==",
      "dependencies": [
        "undici-types"
      ]
    },
    "@types/react@19.0.12": {
      "integrity": "sha512-V6Ar115dBDrjbtXSrS+/Oruobc+qVbbUxDFC1RSbRqLt5SYvxxyIDrSC85RWml54g+jfNeEMZhEj7wW07ONQhA==",
      "dependencies": [
        "csstype"
      ]
    },
    "agent-base@7.1.3": {
      "integrity": "sha512-jRR5wdylq8CkOe6hei19GGZnxM6rBGwFl3Bg0YItGDimvjGtAvdZk4Pu6Cl4u4Igsws4a1fd1Vq3ezrhn4KmFw=="
    },
    "ansi-regex@5.0.1": {
      "integrity": "sha512-quJQXlTSUGL2LH9SUXo8VwsY4soanhgo6LNSm84E1LBcE8s3O0wpdiRzyR9z/ZZJMlMWv37qOOb9pdJlMUEKFQ=="
    },
    "ansi-styles@4.3.0": {
      "integrity": "sha512-zbB9rCJAT1rbjiVDb2hqKFHNYLxgtk8NURxZ3IZwD3F6NtxbXZQCnnSi1Lkx+IDohdPlFp222wVALIheZJQSEg==",
      "dependencies": [
        "color-convert"
      ]
    },
    "ansi-styles@5.2.0": {
      "integrity": "sha512-Cxwpt2SfTzTtXcfOlzGEee8O+c+MmUgGrNiBcXnuWxuFJHe6a5Hz7qwhwe5OgaSYI0IJvkLqWX1ASG+cJOkEiA=="
    },
    "aria-query@5.3.0": {
      "integrity": "sha512-b0P0sZPKtyu8HkeRAfCq0IfURZK+SuwMjY1UXGBU27wpAiTwQAIlq56IbIO+ytk/JjS1fMR14ee5WBBfKi5J6A==",
      "dependencies": [
        "dequal"
      ]
    },
    "asynckit@0.4.0": {
      "integrity": "sha512-Oei9OH4tRh0YqU3GxhX79dM/mwVgvbZJaSNaRk+bshkj0S5cfHcgYakreBjrHwatXKbz+IoIdYLxrKim2MjW0Q=="
    },
    "call-bind-apply-helpers@1.0.2": {
      "integrity": "sha512-Sp1ablJ0ivDkSzjcaJdxEunN5/XvksFJ2sMBFfq6x0ryhQV/2b/KwFe21cMpmHtPOSij8K99/wSfoEuTObmuMQ==",
      "dependencies": [
        "es-errors",
        "function-bind"
      ]
    },
    "chalk@4.1.2": {
      "integrity": "sha512-oKnbhFyRIXpUuez8iBMmyEa4nbj4IOQyuhc/wy9kY7/WVPcwIO9VA668Pu8RkO7+0G76SLROeyw9CpQ061i4mA==",
      "dependencies": [
        "ansi-styles@4.3.0",
        "supports-color"
      ]
    },
    "color-convert@2.0.1": {
      "integrity": "sha512-RRECPsj7iu/xb5oKYcsFHSppFNnsj/52OVTRKb4zP5onXwVF3zVmmToNcOfGC+CRDpfK/U584fMg38ZHCaElKQ==",
      "dependencies": [
        "color-name"
      ]
    },
    "color-name@1.1.4": {
      "integrity": "sha512-dOy+3AuW3a2wNbZHIuMZpTcgjGuLU/uBL/ubcZF9OXbDo8ff4O8yVp5Bf0efS8uEoYo5q4Fx7dY9OgQGXgAsQA=="
    },
    "combined-stream@1.0.8": {
      "integrity": "sha512-FQN4MRfuJeHf7cBbBMJFXhKSDq+2kAArBlmRBvcvFE5BB1HZKXtSFASDhdlz9zOYwxh8lDdnvmMOe/+5cdoEdg==",
      "dependencies": [
        "delayed-stream"
      ]
    },
    "cssstyle@4.3.0": {
      "integrity": "sha512-6r0NiY0xizYqfBvWp1G7WXJ06/bZyrk7Dc6PHql82C/pKGUTKu4yAX4Y8JPamb1ob9nBKuxWzCGTRuGwU3yxJQ==",
      "dependencies": [
        "@asamuzakjp/css-color",
        "rrweb-cssom"
      ]
    },
    "csstype@3.1.3": {
      "integrity": "sha512-M1uQkMl8rQK/szD0LNhtqxIPLpimGm8sOBwU7lLnCpSbTyY3yeU1Vc7l4KT5zT4s/yOxHH5O7tIuuLOCnLADRw=="
    },
    "data-urls@5.0.0": {
      "integrity": "sha512-ZYP5VBHshaDAiVZxjbRVcFJpc+4xGgT0bK3vzy1HLN8jTO975HEbuYzZJcHoQEY5K1a0z8YayJkyVETa08eNTg==",
      "dependencies": [
        "whatwg-mimetype",
        "whatwg-url"
      ]
    },
    "debug@4.4.0": {
      "integrity": "sha512-6WTZ/IxCY/T6BALoZHaE4ctp9xm+Z5kY/pzYaCHRFeyVhojxlrm+46y68HA6hr0TcwEssoxNiDEUJQjfPZ/RYA==",
      "dependencies": [
        "ms"
      ]
    },
    "decimal.js@10.5.0": {
      "integrity": "sha512-8vDa8Qxvr/+d94hSh5P3IJwI5t8/c0KsMp+g8bNw9cY2icONa5aPfvKeieW1WlG0WQYwwhJ7mjui2xtiePQSXw=="
    },
    "delayed-stream@1.0.0": {
      "integrity": "sha512-ZySD7Nf91aLB0RxL4KGrKHBXl7Eds1DAmEdcoVawXnLD7SDhpNgtuII2aAkg7a7QS41jxPSZ17p4VdGnMHk3MQ=="
    },
    "dequal@2.0.3": {
      "integrity": "sha512-0je+qPKHEMohvfRTCEo3CrPG6cAzAYgmzKyxRiYSSDkS6eGJdyVJm7WaYA5ECaAD9wLB2T4EEeymA5aFVcYXCA=="
    },
    "dom-accessibility-api@0.5.16": {
      "integrity": "sha512-X7BJ2yElsnOJ30pZF4uIIDfBEVgF4XEBxL9Bxhy6dnrm5hkzqmsWHGTiHqRiITNhMyFLyAiWndIJP7Z1NTteDg=="
    },
    "dunder-proto@1.0.1": {
      "integrity": "sha512-KIN/nDJBQRcXw0MLVhZE9iQHmG68qAVIBg9CqmUYjmQIhgij9U5MFvrqkUL5FbtyyzZuOeOt0zdeRe4UY7ct+A==",
      "dependencies": [
        "call-bind-apply-helpers",
        "es-errors",
        "gopd"
      ]
    },
    "entities@4.5.0": {
      "integrity": "sha512-V0hjH4dGPh9Ao5p0MoRY6BVqtwCjhz6vI5LT8AJ55H+4g9/4vbHx1I54fS0XuclLhDHArPQCiMjDxjaL8fPxhw=="
    },
    "es-define-property@1.0.1": {
      "integrity": "sha512-e3nRfgfUZ4rNGL232gUgX06QNyyez04KdjFrF+LTRoOXmrOgFKDg4BCdsjW8EnT69eqdYGmRpJwiPVYNrCaW3g=="
    },
    "es-errors@1.3.0": {
      "integrity": "sha512-Zf5H2Kxt2xjTvbJvP2ZWLEICxA6j+hAmMzIlypy4xcBg1vKVnx89Wy0GbS+kf5cwCVFFzdCFh2XSCFNULS6csw=="
    },
    "es-object-atoms@1.1.1": {
      "integrity": "sha512-FGgH2h8zKNim9ljj7dankFPcICIK9Cp5bm+c2gQSYePhpaG5+esrLODihIorn+Pe6FGJzWhXQotPv73jTaldXA==",
      "dependencies": [
        "es-errors"
      ]
    },
    "es-set-tostringtag@2.1.0": {
      "integrity": "sha512-j6vWzfrGVfyXxge+O0x5sh6cvxAog0a/4Rdd2K36zCMV5eJ+/+tOAngRO8cODMNWbVRdVlmGZQL2YS3yR8bIUA==",
      "dependencies": [
        "es-errors",
        "get-intrinsic",
        "has-tostringtag",
        "hasown"
      ]
    },
    "form-data@4.0.2": {
      "integrity": "sha512-hGfm/slu0ZabnNt4oaRZ6uREyfCj6P4fT/n6A1rGV+Z0VdGXjfOhVUpkn6qVQONHGIFwmveGXyDs75+nr6FM8w==",
      "dependencies": [
        "asynckit",
        "combined-stream",
        "es-set-tostringtag",
        "mime-types"
      ]
    },
    "function-bind@1.1.2": {
      "integrity": "sha512-7XHNxH7qX9xG5mIwxkhumTox/MIRNcOgDrxWsMt2pAr23WHp6MrRlN7FBSFpCpr+oVO0F744iUgR82nJMfG2SA=="
    },
    "get-intrinsic@1.3.0": {
      "integrity": "sha512-9fSjSaos/fRIVIp+xSJlE6lfwhES7LNtKaCBIamHsjr2na1BiABJPo0mOjjz8GJDURarmCPGqaiVg5mfjb98CQ==",
      "dependencies": [
        "call-bind-apply-helpers",
        "es-define-property",
        "es-errors",
        "es-object-atoms",
        "function-bind",
        "get-proto",
        "gopd",
        "has-symbols",
        "hasown",
        "math-intrinsics"
      ]
    },
    "get-proto@1.0.1": {
      "integrity": "sha512-sTSfBjoXBp89JvIKIefqw7U2CCebsc74kiY6awiGogKtoSGbgjYE/G/+l9sF3MWFPNc9IcoOC4ODfKHfxFmp0g==",
      "dependencies": [
        "dunder-proto",
        "es-object-atoms"
      ]
    },
    "global-jsdom@26.0.0_jsdom@26.0.0": {
      "integrity": "sha512-BqXpTNZFjP40N+s4k8Bk9HS8GFVPJB/+TKtwcShM84wLv6C5dH9o1dydI3pL6potanhfDiIAVDbaaGj/uSdRSA==",
      "dependencies": [
        "jsdom"
      ]
    },
    "gopd@1.2.0": {
      "integrity": "sha512-ZUKRh6/kUFoAiTAtTYPZJ3hw9wNxx+BIBOijnlG9PnrJsCcSjs1wyyD6vJpaYtgnzDrKYRSqf3OO6Rfa93xsRg=="
    },
    "has-flag@4.0.0": {
      "integrity": "sha512-EykJT/Q1KjTWctppgIAgfSO0tKVuZUjhgMr17kqTumMl6Afv3EISleU7qZUzoXDFTAHTDC4NOoG/ZxU3EvlMPQ=="
    },
    "has-symbols@1.1.0": {
      "integrity": "sha512-1cDNdwJ2Jaohmb3sg4OmKaMBwuC48sYni5HUw2DvsC8LjGTLK9h+eb1X6RyuOHe4hT0ULCW68iomhjUoKUqlPQ=="
    },
    "has-tostringtag@1.0.2": {
      "integrity": "sha512-NqADB8VjPFLM2V0VvHUewwwsw0ZWBaIdgo+ieHtK3hasLz4qeCRjYcqfB6AQrBggRKppKF8L52/VqdVsO47Dlw==",
      "dependencies": [
        "has-symbols"
      ]
    },
    "hasown@2.0.2": {
      "integrity": "sha512-0hJU9SCPvmMzIBdZFqNPXWa6dqh7WdH0cII9y+CyS8rG3nL48Bclra9HmKhVVUHyPWNH5Y7xDwAB7bfgSjkUMQ==",
      "dependencies": [
        "function-bind"
      ]
    },
    "html-encoding-sniffer@4.0.0": {
      "integrity": "sha512-Y22oTqIU4uuPgEemfz7NDJz6OeKf12Lsu+QC+s3BVpda64lTiMYCyGwg5ki4vFxkMwQdeZDl2adZoqUgdFuTgQ==",
      "dependencies": [
        "whatwg-encoding"
      ]
    },
    "http-proxy-agent@7.0.2": {
      "integrity": "sha512-T1gkAiYYDWYx3V5Bmyu7HcfcvL7mUrTWiM6yOfa3PIphViJ/gFPbvidQ+veqSOHci/PxBcDabeUNCzpOODJZig==",
      "dependencies": [
        "agent-base",
        "debug"
      ]
    },
    "https-proxy-agent@7.0.6": {
      "integrity": "sha512-vK9P5/iUfdl95AI+JVyUuIcVtd4ofvtrOr3HNtM2yxC9bnMbEdp3x01OhQNnjb8IJYi38VlTE3mBXwcfvywuSw==",
      "dependencies": [
        "agent-base",
        "debug"
      ]
    },
    "iconv-lite@0.6.3": {
      "integrity": "sha512-4fCk79wshMdzMp2rH06qWrJE4iolqLhCUH+OiuIgU++RB0+94NlDL81atO7GX55uUKueo0txHNtvEyI6D7WdMw==",
      "dependencies": [
        "safer-buffer"
      ]
    },
    "is-potential-custom-element-name@1.0.1": {
      "integrity": "sha512-bCYeRA2rVibKZd+s2625gGnGF/t7DSqDs4dP7CrLA1m7jKWz6pps0LpYLJN8Q64HtmPKJ1hrN3nzPNKFEKOUiQ=="
    },
    "js-tokens@4.0.0": {
      "integrity": "sha512-RdJUflcE3cUzKiMqQgsCu06FPu9UdIJO0beYbPhHN4k6apgJtifcoCtT9bcxOpYBtpD2kCM6Sbzg4CausW/PKQ=="
    },
    "jsdom@26.0.0": {
      "integrity": "sha512-BZYDGVAIriBWTpIxYzrXjv3E/4u8+/pSG5bQdIYCbNCGOvsPkDQfTVLAIXAf9ETdCpduCVTkDe2NNZ8NIwUVzw==",
      "dependencies": [
        "cssstyle",
        "data-urls",
        "decimal.js",
        "form-data",
        "html-encoding-sniffer",
        "http-proxy-agent",
        "https-proxy-agent",
        "is-potential-custom-element-name",
        "nwsapi",
        "parse5",
        "rrweb-cssom",
        "saxes",
        "symbol-tree",
        "tough-cookie",
        "w3c-xmlserializer",
        "webidl-conversions",
        "whatwg-encoding",
        "whatwg-mimetype",
        "whatwg-url",
        "ws",
        "xml-name-validator"
      ]
    },
    "lru-cache@10.4.3": {
      "integrity": "sha512-JNAzZcXrCt42VGLuYz0zfAzDfAvJWW6AfYlDBQyDV5DClI2m5sAmK+OIO7s59XfsRsWHp02jAJrRadPRGTt6SQ=="
    },
    "lz-string@1.5.0": {
      "integrity": "sha512-h5bgJWpxJNswbU7qCrV0tIKQCaS3blPDrqKWx+QxzuzL1zGUzij9XCWLrSLsJPu5t+eWA/ycetzYAO5IOMcWAQ=="
    },
    "math-intrinsics@1.1.0": {
      "integrity": "sha512-/IXtbwEk5HTPyEwyKX6hGkYXxM9nbj64B+ilVJnC/R6B0pH5G4V3b0pVbL7DBj4tkhBAppbQUlf6F6Xl9LHu1g=="
    },
    "mime-db@1.52.0": {
      "integrity": "sha512-sPU4uV7dYlvtWJxwwxHD0PuihVNiE7TyAbQ5SWxDCB9mUYvOgroQOwYQQOKPJ8CIbE+1ETVlOoK1UC2nU3gYvg=="
    },
    "mime-types@2.1.35": {
      "integrity": "sha512-ZDY+bPm5zTTF+YpCrAU9nK0UgICYPT0QtT1NZWFv4s++TNkcgVaT0g6+4R2uI4MjQjzysHB1zxuWL50hzaeXiw==",
      "dependencies": [
        "mime-db"
      ]
    },
    "ms@2.1.3": {
      "integrity": "sha512-6FlzubTLZG3J2a/NVCAleEhjzq5oxgHyaCU9yYXvcLsvoVaHJq/s5xXI6/XXP6tz7R9xAOtHnSO/tXtF3WRTlA=="
    },
    "nwsapi@2.2.19": {
      "integrity": "sha512-94bcyI3RsqiZufXjkr3ltkI86iEl+I7uiHVDtcq9wJUTwYQJ5odHDeSzkkrRzi80jJ8MaeZgqKjH1bAWAFw9bA=="
    },
    "parse5@7.2.1": {
      "integrity": "sha512-BuBYQYlv1ckiPdQi/ohiivi9Sagc9JG+Ozs0r7b/0iK3sKmrb0b9FdWdBbOdx6hBCM/F9Ir82ofnBhtZOjCRPQ==",
      "dependencies": [
        "entities"
      ]
    },
    "picocolors@1.1.1": {
      "integrity": "sha512-xceH2snhtb5M9liqDsmEw56le376mTZkEX/jEb/RxNFyegNul7eNslCXP9FDj/Lcu0X8KEyMceP2ntpaHrDEVA=="
    },
    "pretty-format@27.5.1": {
      "integrity": "sha512-Qb1gy5OrP5+zDf2Bvnzdl3jsTf1qXVMazbvCoKhtKqVs4/YK4ozX4gKQJJVyNe+cajNPn0KoC0MC3FUmaHWEmQ==",
      "dependencies": [
        "ansi-regex",
        "ansi-styles@5.2.0",
        "react-is"
      ]
    },
    "punycode@2.3.1": {
      "integrity": "sha512-vYt7UD1U9Wg6138shLtLOvdAu+8DsC/ilFtEVHcH+wydcSpNE20AfSOduf6MkRFahL5FY7X1oU7nKVZFtfq8Fg=="
    },
    "react-dom@19.0.0_react@19.0.0": {
      "integrity": "sha512-4GV5sHFG0e/0AD4X+ySy6UJd3jVl1iNsNHdpad0qhABJ11twS3TTBnseqsKurKcsNqCEFeGL3uLpVChpIO3QfQ==",
      "dependencies": [
        "react",
        "scheduler"
      ]
    },
    "react-is@17.0.2": {
      "integrity": "sha512-w2GsyukL62IJnlaff/nRegPQR94C/XXamvMWmSHRJ4y7Ts/4ocGRmTHvOs8PSE6pB3dWOrD/nueuU5sduBsQ4w=="
    },
    "react@19.0.0": {
      "integrity": "sha512-V8AVnmPIICiWpGfm6GLzCR/W5FXLchHop40W4nXBmdlEceh16rCN8O8LNWm5bh5XUX91fh7KpA+W0TgMKmgTpQ=="
    },
    "regenerator-runtime@0.14.1": {
      "integrity": "sha512-dYnhHh0nJoMfnkZs6GmmhFknAGRrLznOu5nc9ML+EJxGvrx6H7teuevqVqCuPcPK//3eDrrjQhehXVx9cnkGdw=="
    },
    "rrweb-cssom@0.8.0": {
      "integrity": "sha512-guoltQEx+9aMf2gDZ0s62EcV8lsXR+0w8915TC3ITdn2YueuNjdAYh/levpU9nFaoChh9RUS5ZdQMrKfVEN9tw=="
    },
    "safer-buffer@2.1.2": {
      "integrity": "sha512-YZo3K82SD7Riyi0E1EQPojLz7kpepnSQI9IyPbHHg1XXXevb5dJI7tpyN2ADxGcQbHG7vcyRHk0cbwqcQriUtg=="
    },
    "saxes@6.0.0": {
      "integrity": "sha512-xAg7SOnEhrm5zI3puOOKyy1OMcMlIJZYNJY7xLBwSze0UjhPLnWfj2GF2EpT0jmzaJKIWKHLsaSSajf35bcYnA==",
      "dependencies": [
        "xmlchars"
      ]
    },
    "scheduler@0.25.0": {
      "integrity": "sha512-xFVuu11jh+xcO7JOAGJNOXld8/TcEHK/4CituBUeUb5hqxJLj9YuemAEuvm9gQ/+pgXYfbQuqAkiYu+u7YEsNA=="
    },
    "supports-color@7.2.0": {
      "integrity": "sha512-qpCAvRl9stuOHveKsn7HncJRvv501qIacKzQlO/+Lwxc9+0q2wLyv4Dfvt80/DPn2pqOBsJdDiogXGR9+OvwRw==",
      "dependencies": [
        "has-flag"
      ]
    },
    "symbol-tree@3.2.4": {
      "integrity": "sha512-9QNk5KwDF+Bvz+PyObkmSYjI5ksVUYtjW7AU22r2NKcfLJcXp96hkDWU3+XndOsUb+AQ9QhfzfCT2O+CNWT5Tw=="
    },
    "tldts-core@6.1.85": {
      "integrity": "sha512-DTjUVvxckL1fIoPSb3KE7ISNtkWSawZdpfxGxwiIrZoO6EbHVDXXUIlIuWympPaeS+BLGyggozX/HTMsRAdsoA=="
    },
    "tldts@6.1.85": {
      "integrity": "sha512-gBdZ1RjCSevRPFix/hpaUWeak2/RNUZB4/8frF1r5uYMHjFptkiT0JXIebWvgI/0ZHXvxaUDDJshiA0j6GdL3w==",
      "dependencies": [
        "tldts-core"
      ]
    },
    "tough-cookie@5.1.2": {
      "integrity": "sha512-FVDYdxtnj0G6Qm/DhNPSb8Ju59ULcup3tuJxkFb5K8Bv2pUXILbf0xZWU8PX8Ov19OXljbUyveOFwRMwkXzO+A==",
      "dependencies": [
        "tldts"
      ]
    },
    "tr46@5.0.0": {
      "integrity": "sha512-tk2G5R2KRwBd+ZN0zaEXpmzdKyOYksXwywulIX95MBODjSzMIuQnQ3m8JxgbhnL1LeVo7lqQKsYa1O3Htl7K5g==",
      "dependencies": [
        "punycode"
      ]
    },
    "typescript@5.8.2": {
      "integrity": "sha512-aJn6wq13/afZp/jT9QZmwEjDqqvSGp1VT5GVg+f/t6/oVyrgXM6BY1h9BRh/O5p3PlUPAe+WuiEZOmb/49RqoQ=="
    },
    "undici-types@6.20.0": {
      "integrity": "sha512-Ny6QZ2Nju20vw1SRHe3d9jVu6gJ+4e3+MMpqu7pqE5HT6WsTSlce++GQmK5UXS8mzV8DSYHrQH+Xrf2jVcuKNg=="
    },
    "w3c-xmlserializer@5.0.0": {
      "integrity": "sha512-o8qghlI8NZHU1lLPrpi2+Uq7abh4GGPpYANlalzWxyWteJOCsr/P+oPBA49TOLu5FTZO4d3F9MnWJfiMo4BkmA==",
      "dependencies": [
        "xml-name-validator"
      ]
    },
    "webidl-conversions@7.0.0": {
      "integrity": "sha512-VwddBukDzu71offAQR975unBIGqfKZpM+8ZX6ySk8nYhVoo5CYaZyzt3YBvYtRtO+aoGlqxPg/B87NGVZ/fu6g=="
    },
    "whatwg-encoding@3.1.1": {
      "integrity": "sha512-6qN4hJdMwfYBtE3YBTTHhoeuUrDBPZmbQaxWAqSALV/MeEnR5z1xd8UKud2RAkFoPkmB+hli1TZSnyi84xz1vQ==",
      "dependencies": [
        "iconv-lite"
      ]
    },
    "whatwg-mimetype@4.0.0": {
      "integrity": "sha512-QaKxh0eNIi2mE9p2vEdzfagOKHCcj1pJ56EEHGQOVxp8r9/iszLUUV7v89x9O1p/T+NlTM5W7jW6+cz4Fq1YVg=="
    },
    "whatwg-url@14.1.1": {
      "integrity": "sha512-mDGf9diDad/giZ/Sm9Xi2YcyzaFpbdLpJPr+E9fSkyQ7KpQD4SdFcugkRQYzhmfI4KeV4Qpnn2sKPdo+kmsgRQ==",
      "dependencies": [
        "tr46",
        "webidl-conversions"
      ]
    },
    "ws@8.18.1": {
      "integrity": "sha512-RKW2aJZMXeMxVpnZ6bck+RswznaxmzdULiBr6KY7XkTnW8uvt0iT9H5DkHUChXrc+uurzwa0rVI16n/Xzjdz1w=="
    },
    "xml-name-validator@5.0.0": {
      "integrity": "sha512-EvGK8EJ3DhaHfbRlETOWAS5pO9MZITeauHKJyb8wyajUfQUenkIg2MvLDTZ4T/TgIcm3HU0TFBgWWboAZ30UHg=="
    },
    "xmlchars@2.2.0": {
      "integrity": "sha512-JZnDKK8B0RCDw84FNdDAIpZK+JuJw+s7Lz8nksI7SIuU3UXJJslUthsi+uWBUYOwPFwW7W7PRLRfUKpxjtjFCw=="
    }
  },
  "redirects": {
    "https://esm.sh/@testing-library/dom@^10.0.0?target=denonext": "https://esm.sh/@testing-library/dom@10.4.0?target=denonext",
    "https://esm.sh/@testing-library/react": "https://esm.sh/@testing-library/react@16.2.0",
    "https://esm.sh/@types/react-dom@~18.2.25/index.d.ts": "https://esm.sh/@types/react-dom@18.2.25/index.d.ts",
    "https://esm.sh/@types/react-dom@~19.0.3/client.d.ts": "https://esm.sh/@types/react-dom@19.0.4/client.d.ts",
    "https://esm.sh/@types/react-dom@~19.0.3/index.d.ts": "https://esm.sh/@types/react-dom@19.0.4/index.d.ts",
    "https://esm.sh/@types/react-dom@~19.0.3/test-utils/index.d.ts": "https://esm.sh/@types/react-dom@19.0.4/test-utils/index.d.ts",
    "https://esm.sh/@types/react-is@~17.0.7/index.d.ts": "https://esm.sh/@types/react-is@17.0.7/index.d.ts",
    "https://esm.sh/@types/react@18.2.0": "https://esm.sh/@types/react@18.2.0/index.d.ts",
    "https://esm.sh/@types/react@~18.2.79/index.d.ts": "https://esm.sh/@types/react@18.2.79/index.d.ts",
    "https://esm.sh/@types/react@~18.2.79/jsx-runtime.d.ts": "https://esm.sh/@types/react@18.2.79/jsx-runtime.d.ts",
    "https://esm.sh/@types/react@~19.0.7/index.d.ts": "https://esm.sh/@types/react@19.0.10/index.d.ts",
    "https://esm.sh/@types/scheduler@~0.23.0/index.d.ts": "https://esm.sh/@types/scheduler@0.23.0/index.d.ts",
    "https://esm.sh/ansi-regex@^5.0.1?target=denonext": "https://esm.sh/ansi-regex@5.0.1?target=denonext",
    "https://esm.sh/ansi-styles@^5.0.0?target=denonext": "https://esm.sh/ansi-styles@5.2.0?target=denonext",
    "https://esm.sh/dequal@^2.0.3/lite?target=denonext": "https://esm.sh/dequal@2.0.3/lite?target=denonext",
    "https://esm.sh/dom-accessibility-api@^0.5.9?target=denonext": "https://esm.sh/dom-accessibility-api@0.5.16?target=denonext",
    "https://esm.sh/lz-string@^1.5.0?target=denonext": "https://esm.sh/lz-string@1.5.0?target=denonext",
    "https://esm.sh/pretty-format@^27.0.2?target=denonext": "https://esm.sh/pretty-format@27.5.1?target=denonext",
    "https://esm.sh/react": "https://esm.sh/react@19.0.0",
    "https://esm.sh/react-dom@^19.0.0/client?target=denonext": "https://esm.sh/react-dom@19.0.0/client?target=denonext",
    "https://esm.sh/react-dom@^19.0.0/test-utils?target=denonext": "https://esm.sh/react-dom@19.0.0/test-utils?target=denonext",
    "https://esm.sh/react-dom@^19.0.0?target=denonext": "https://esm.sh/react-dom@19.0.0?target=denonext",
    "https://esm.sh/react-is@^17.0.1?target=denonext": "https://esm.sh/react-is@17.0.2?target=denonext",
    "https://esm.sh/react@^19.0.0?target=denonext": "https://esm.sh/react@19.0.0?target=denonext",
    "https://esm.sh/scheduler@^0.23.0?target=denonext": "https://esm.sh/scheduler@0.23.2?target=denonext",
    "https://esm.sh/scheduler@^0.25.0?target=denonext": "https://esm.sh/scheduler@0.25.0?target=denonext"
  },
  "remote": {
    "https://deno.land/std@0.172.0/fmt/colors.ts": "938c5d44d889fb82eff6c358bea8baa7e85950a16c9f6dae3ec3a7a729164471",
    "https://deno.land/std@0.172.0/testing/_diff.ts": "1a3c044aedf77647d6cac86b798c6417603361b66b54c53331b312caeb447aea",
    "https://deno.land/std@0.172.0/testing/_format.ts": "a69126e8a469009adf4cf2a50af889aca364c349797e63174884a52ff75cf4c7",
    "https://deno.land/std@0.172.0/testing/asserts.ts": "984ab0bfb3faeed92ffaa3a6b06536c66811185328c5dd146257c702c41b01ab",
    "https://deno.land/std@0.172.0/testing/mock.ts": "220ed9b8151cb2cac141043d4cfea7c47673fab5d18d1c1f0943297c8afb5d13",
    "https://esm.sh/@testing-library/dom@10.4.0/denonext/dom.mjs": "733b4aa36a59a93eb71fc07ee932d688ec78fbcf8a45a8a9d9d3ff38e31236ff",
    "https://esm.sh/@testing-library/dom@10.4.0?target=denonext": "b701f4ee98fe14d89d8fede349bea38eecedcb2e6ac18140d5379cbeaa743625",
    "https://esm.sh/@testing-library/react@16.2.0": "95ddc77da7c4e5bdd17924b0f585a1aa59129a53416817d8d4f52faaa7e4551f",
    "https://esm.sh/@testing-library/react@16.2.0/denonext/react.mjs": "8cb040500819b2e8b600e615a53bc5c2479f471c0a8a3838e566fd58406efd37",
    "https://esm.sh/ansi-regex@5.0.1/denonext/ansi-regex.mjs": "657078ebd509ad0609bd50cbe926c87ff54cff769136dfc050ffb3f63b5fb8e3",
    "https://esm.sh/ansi-regex@5.0.1?target=denonext": "cef49c3f2a9750f63aa4c70f2037a34036d08ad61d7f6da2a774d6ef6090b05c",
    "https://esm.sh/ansi-styles@5.2.0/denonext/ansi-styles.mjs": "ce79e9ce88164eab82ecef3de86d7bc1ad9386964bd196d6891edc697bc3cbad",
    "https://esm.sh/ansi-styles@5.2.0?target=denonext": "b71334924fd0368f27f7392d49b6b34d0126e5e9563a19627249ae6d798bc836",
    "https://esm.sh/aria-query@5.3.0/denonext/aria-query.mjs": "1065abc3bf8d0f20b4ad5b2f49554ef6d13f3da9e285759dc652c9a06413bb8e",
    "https://esm.sh/dequal@2.0.3/denonext/lite.mjs": "8005fe85cd07870befa3128b643566f5d3540c23f404f9a12523bd2b383f17b2",
    "https://esm.sh/dequal@2.0.3/lite?target=denonext": "7854590560f3c9d6b3a50bebabc4f1deaa7e62fa9267e5cf5d9517a0b791295b",
    "https://esm.sh/dom-accessibility-api@0.5.16/denonext/dom-accessibility-api.mjs": "8929e35f80f317aa7ad976229f439fc29a00edd1048091bbe7751afb103fc8f8",
    "https://esm.sh/dom-accessibility-api@0.5.16?target=denonext": "9352cc8ce716379974d7fda5d4649058815e5a711b572dbe35cedd885b78eb23",
    "https://esm.sh/lz-string@1.5.0/denonext/lz-string.mjs": "f78a7f5bd28b50ba96fd7bd0ecf8cdeffef3a9f0ec430519e6a993b887fb0e9b",
    "https://esm.sh/lz-string@1.5.0?target=denonext": "dea8909e240e2de1893fbd1b5740570560bae6ceda48e584b57d6728b51910fc",
    "https://esm.sh/pretty-format@27.5.1/denonext/ConvertAnsi.mjs": "a6b572a445a3d6288735415ba14226d5a41ea93db375454ee3246a9e8fdb739b",
    "https://esm.sh/pretty-format@27.5.1/denonext/pretty-format.mjs": "a0691f159ace8b55c47b24506aec3988013996153a2bccce199f5fb262daa922",
    "https://esm.sh/pretty-format@27.5.1?target=denonext": "f116b5d81ed25aa4995c737ed29dc32d1ff497ee382308eb52408a98a51e5024",
    "https://esm.sh/react-dom@18.2.0": "abebab54f4ee2d760547448040e62c69777dc5e4ca7d18c46be9a63bcc14b500",
    "https://esm.sh/react-dom@18.2.0/denonext/react-dom.mjs": "f77c94bf8c2af4e2c863f5c9d2bec24967bbb8cf759d4747961e063fa1479ffb",
    "https://esm.sh/react-dom@19.0.0/client?target=denonext": "c972c16184c695fc5828dfa61d7f341edbc463d20d8108765c93a98027c24227",
    "https://esm.sh/react-dom@19.0.0/denonext/client.mjs": "9213929ed070ab81dbca5a71b1f7031e302428ad0ca6a3011aba30c34e8bd33c",
    "https://esm.sh/react-dom@19.0.0/denonext/react-dom.mjs": "a2f7bc344e1d5b7ca47e68665291e206ae4db17ee84f234f3d3e2533b9119f63",
    "https://esm.sh/react-dom@19.0.0/denonext/test-utils.mjs": "b65d14971031cb2a72856e55e01843d404d39bab99fe0088b042b6e8b1e1b1d6",
    "https://esm.sh/react-dom@19.0.0/test-utils?target=denonext": "86fd4642b5a3cd25e94e21ed837c06e7bb4cc7922399e5d0ff4e679b2b6939b2",
    "https://esm.sh/react-dom@19.0.0?target=denonext": "d057f65e74eca8add1702ba9a5ecbcc8e60a73dd358b7852094bde0361725137",
    "https://esm.sh/react-is@17.0.2/denonext/react-is.mjs": "6b144222bce64ee266c22c6c06d7620f948997404e9bf285c48ee265446193d5",
    "https://esm.sh/react-is@17.0.2?target=denonext": "d8b7baf6cea6e132411aa2e4d69366fe0b7c911c7481d31f790b8f159311c7a3",
    "https://esm.sh/react@18.2.0": "fed8aeb7d240bb42a2167c9c7c6e842e128c7630cbcb08c4d61c9c1926f89c75",
    "https://esm.sh/react@18.2.0/denonext/jsx-runtime.mjs": "82f5137c9609f7b42ca13787d97b8c2dc55cfb8ce378c788791c156087a13cb3",
    "https://esm.sh/react@18.2.0/denonext/react.mjs": "a986c2876dc2f73879f395e677dc34cb751f260e69db16364810655f884df173",
    "https://esm.sh/react@18.2.0/jsx-runtime": "0bb3cca902d25a6827ac8153c8038b637e21bd20180bd58e827515d67de80582",
    "https://esm.sh/react@19.0.0": "ab1f4aa20ac56c237bbb204632bdb55f03a0ab005d21944eeb447e5e37879637",
    "https://esm.sh/react@19.0.0/denonext/react.mjs": "87fdb28d39ca8983bdba3e7ec329305f95463cfc70c015b2620b4900fa15efdd",
    "https://esm.sh/react@19.0.0?target=denonext": "ab1f4aa20ac56c237bbb204632bdb55f03a0ab005d21944eeb447e5e37879637",
    "https://esm.sh/scheduler@0.23.2/denonext/scheduler.mjs": "8a1a8a363eb417fc8d40f6b15132e8964320782d7169e68fc6ac98b8b8c201eb",
    "https://esm.sh/scheduler@0.23.2?target=denonext": "5f446c6d28a83c4c3905e964a311ac654bf1b1993bb6647ee731a592068d5a1a",
    "https://esm.sh/scheduler@0.25.0/denonext/scheduler.mjs": "50687edf9e0034b6db97303b1b16893b59c5833c21ea8cf913dc380b537f6aaf",
    "https://esm.sh/scheduler@0.25.0?target=denonext": "c12810f51123057a8a8e309cc8befaac0b5cd371cb4d61bf0372ab8046acc8e0"
  },
  "workspace": {
    "dependencies": [
      "jsr:@std/assert@1",
      "jsr:@std/testing@^1.0.10",
      "npm:global-jsdom@26"
    ]
  }
}
